
Microsoft Visual Studio Solution File, Format Version 12.00
# Visual Studio 15
VisualStudioVersion = 15.0.28010.2050
MinimumVisualStudioVersion = 10.0.40219.1
Project("{FAE04EC0-301F-11D3-BF4B-00C04F79EFBC}") = "BinarySearching", "BinarySearching\BinarySearching.csproj", "{5C61B387-D080-4080-9823-9F6AAAF637E4}"
EndProject
Global
	GlobalSection(SolutionConfigurationPlatforms) = preSolution
		Debug|Any CPU = Debug|Any CPU
		Release|Any CPU = Release|Any CPU
	EndGlobalSection
	GlobalSection(ProjectConfigurationPlatforms) = postSolution
		{5C61B387-D080-4080-9823-9F6AAAF637E4}.Debug|Any CPU.ActiveCfg = Debug|Any CPU
		{5C61B387-D080-4080-9823-9F6AAAF637E4}.Debug|Any CPU.Build.0 = Debug|Any CPU
		{5C61B387-D080-4080-9823-9F6AAAF637E4}.Release|Any CPU.ActiveCfg = Release|Any CPU
		{5C61B387-D080-4080-9823-9F6AAAF637E4}.Release|Any CPU.Build.0 = Release|Any CPU
	EndGlobalSection
	GlobalSection(SolutionProperties) = preSolution
		HideSolutionNode = FALSE
	EndGlobalSection
	GlobalSection(ExtensibilityGlobals) = postSolution
		SolutionGuid = {5D13A790-6C60-44D8-B9FF-4FF4B25DC4E4}
	EndGlobalSection
EndGlobal
